{
  "version": 4,
  "terraform_version": "1.4.2",
  "serial": 65,
  "lineage": "afe156da-6866-9188-873b-72af62817dc2",
  "outputs": {
    "external_ip_address_vm1": {
      "value": "158.160.39.193",
      "type": "string"
    },
    "external_ip_address_vm2": {
      "value": "158.160.52.60",
      "type": "string"
    },
    "internal_ip_address_vm1": {
      "value": "192.168.10.28",
      "type": "string"
    },
    "internal_ip_address_vm2": {
      "value": "192.168.10.16",
      "type": "string"
    }
  },
  "resources": [
    {
      "mode": "managed",
      "type": "yandex_compute_instance",
      "name": "vm1",
      "provider": "provider[\"registry.terraform.io/yandex-cloud/yandex\"]",
      "instances": [
        {
          "schema_version": 1,
          "attributes": {
            "allow_recreate": null,
            "allow_stopping_for_update": null,
            "boot_disk": [
              {
                "auto_delete": true,
                "device_name": "fhmt4la96oipl5kudgb4",
                "disk_id": "fhmt4la96oipl5kudgb4",
                "initialize_params": [
                  {
                    "block_size": 4096,
                    "description": "",
                    "image_id": "fd8pqqqelpfjceogov30",
                    "name": "",
                    "size": 3,
                    "snapshot_id": "",
                    "type": "network-hdd"
                  }
                ],
                "mode": "READ_WRITE"
              }
            ],
            "created_at": "2023-04-02T13:29:10Z",
            "description": "",
            "filesystem": [],
            "folder_id": "b1g7p25m0jt3rdlenpmc",
            "fqdn": "fhmdagnf9n6tadhh0sed.auto.internal",
            "gpu_cluster_id": "",
            "hostname": "",
            "id": "fhmdagnf9n6tadhh0sed",
            "labels": null,
            "local_disk": [],
            "metadata": {
              "user-data": "#cloud-config\nusers:\n  - name: testUser\n    groups: sudo\n    shell: /bin/bash\n    sudo: ['ALL=(ALL) NOPASSWD:ALL']\n    ssh-authorized-keys:\n      - ssh-rsa  AAAAB3NzaC1yc2EAAAADAQABAAABgQCilsZnNlzZ9IdIa7y6miHzdxkDEX66/6l8zrJ/gruQCFWqWCdDZgT+sD+KMbBkFU+CkmZAFqYAwn/sVqGvDrDVwU9tEHGg2t9KAzZiH00TLmierSA+ptvZ/D+ha5KLZrDASXe7aH571zKAGREXdmswe9Rc8tYRMLxqvsvQ8jtxhm0Yeg1HFYbPlmRNIkkwOC1I4ACjcCvtgnQbr42h86sinhZV7oKN4wiG6wMayfX0o9QDW0rCnOmKkwZL3ltxUxJ71fEbBHrRts9HQMY8nA4pdxAL59xnqhmRGKDwK/b5Y8ElGTL+ogFQqGnylM0WSOa3xh0LzqfOB6T7xCqmoATgli+N+cGkK/ZQ7d6QUrGExyByv3HWPisGk0pXVXuFckFcIWx++Zsd9NW4hkkbS5iNzKmzUVCvW6e2cgJf5Ush0t7IjHKq2ArtM9O7+Vg57kDdj8jp0lRrJCIbaxv3fI88qFlojL6KCpM5KxZtpYMtZzfixvAfiaQ8xRy2kCc23uk= root@debian"
            },
            "metadata_options": [
              {
                "aws_v1_http_endpoint": 1,
                "aws_v1_http_token": 2,
                "gce_http_endpoint": 1,
                "gce_http_token": 1
              }
            ],
            "name": "vm1",
            "network_acceleration_type": "standard",
            "network_interface": [
              {
                "dns_record": [],
                "index": 0,
                "ip_address": "192.168.10.28",
                "ipv4": true,
                "ipv6": false,
                "ipv6_address": "",
                "ipv6_dns_record": [],
                "mac_address": "d0:0d:d5:42:ef:4d",
                "nat": true,
                "nat_dns_record": [],
                "nat_ip_address": "158.160.39.193",
                "nat_ip_version": "IPV4",
                "security_group_ids": [],
                "subnet_id": "e9bn7pqtfqrldh889uh8"
              }
            ],
            "placement_policy": [
              {
                "host_affinity_rules": [],
                "placement_group_id": ""
              }
            ],
            "platform_id": "standard-v3",
            "resources": [
              {
                "core_fraction": 100,
                "cores": 2,
                "gpus": 0,
                "memory": 2
              }
            ],
            "scheduling_policy": [
              {
                "preemptible": true
              }
            ],
            "secondary_disk": [],
            "service_account_id": "",
            "status": "running",
            "timeouts": null,
            "zone": "ru-central1-a"
          },
          "sensitive_attributes": [],
          "private": "eyJlMmJmYjczMC1lY2FhLTExZTYtOGY4OC0zNDM2M2JjN2M0YzAiOnsiY3JlYXRlIjozMDAwMDAwMDAwMDAsImRlbGV0ZSI6MzAwMDAwMDAwMDAwLCJ1cGRhdGUiOjMwMDAwMDAwMDAwMH0sInNjaGVtYV92ZXJzaW9uIjoiMSJ9",
          "dependencies": [
            "yandex_vpc_network.network-1",
            "yandex_vpc_subnet.subnet-1"
          ]
        }
      ]
    },
    {
      "mode": "managed",
      "type": "yandex_compute_instance",
      "name": "vm2",
      "provider": "provider[\"registry.terraform.io/yandex-cloud/yandex\"]",
      "instances": [
        {
          "schema_version": 1,
          "attributes": {
            "allow_recreate": null,
            "allow_stopping_for_update": null,
            "boot_disk": [
              {
                "auto_delete": true,
                "device_name": "fhmf35uc7phcih13i701",
                "disk_id": "fhmf35uc7phcih13i701",
                "initialize_params": [
                  {
                    "block_size": 4096,
                    "description": "",
                    "image_id": "fd8pqqqelpfjceogov30",
                    "name": "",
                    "size": 3,
                    "snapshot_id": "",
                    "type": "network-hdd"
                  }
                ],
                "mode": "READ_WRITE"
              }
            ],
            "created_at": "2023-04-02T13:29:10Z",
            "description": "",
            "filesystem": [],
            "folder_id": "b1g7p25m0jt3rdlenpmc",
            "fqdn": "fhmnqgctd86kb9v0cr85.auto.internal",
            "gpu_cluster_id": "",
            "hostname": "",
            "id": "fhmnqgctd86kb9v0cr85",
            "labels": null,
            "local_disk": [],
            "metadata": {
              "user-data": "#cloud-config\nusers:\n  - name: testUser\n    groups: sudo\n    shell: /bin/bash\n    sudo: ['ALL=(ALL) NOPASSWD:ALL']\n    ssh-authorized-keys:\n      - ssh-rsa  AAAAB3NzaC1yc2EAAAADAQABAAABgQCilsZnNlzZ9IdIa7y6miHzdxkDEX66/6l8zrJ/gruQCFWqWCdDZgT+sD+KMbBkFU+CkmZAFqYAwn/sVqGvDrDVwU9tEHGg2t9KAzZiH00TLmierSA+ptvZ/D+ha5KLZrDASXe7aH571zKAGREXdmswe9Rc8tYRMLxqvsvQ8jtxhm0Yeg1HFYbPlmRNIkkwOC1I4ACjcCvtgnQbr42h86sinhZV7oKN4wiG6wMayfX0o9QDW0rCnOmKkwZL3ltxUxJ71fEbBHrRts9HQMY8nA4pdxAL59xnqhmRGKDwK/b5Y8ElGTL+ogFQqGnylM0WSOa3xh0LzqfOB6T7xCqmoATgli+N+cGkK/ZQ7d6QUrGExyByv3HWPisGk0pXVXuFckFcIWx++Zsd9NW4hkkbS5iNzKmzUVCvW6e2cgJf5Ush0t7IjHKq2ArtM9O7+Vg57kDdj8jp0lRrJCIbaxv3fI88qFlojL6KCpM5KxZtpYMtZzfixvAfiaQ8xRy2kCc23uk= root@debian"
            },
            "metadata_options": [
              {
                "aws_v1_http_endpoint": 1,
                "aws_v1_http_token": 2,
                "gce_http_endpoint": 1,
                "gce_http_token": 1
              }
            ],
            "name": "vm2",
            "network_acceleration_type": "standard",
            "network_interface": [
              {
                "dns_record": [],
                "index": 0,
                "ip_address": "192.168.10.16",
                "ipv4": true,
                "ipv6": false,
                "ipv6_address": "",
                "ipv6_dns_record": [],
                "mac_address": "d0:0d:17:d4:19:d6",
                "nat": true,
                "nat_dns_record": [],
                "nat_ip_address": "158.160.52.60",
                "nat_ip_version": "IPV4",
                "security_group_ids": [],
                "subnet_id": "e9bn7pqtfqrldh889uh8"
              }
            ],
            "placement_policy": [
              {
                "host_affinity_rules": [],
                "placement_group_id": ""
              }
            ],
            "platform_id": "standard-v3",
            "resources": [
              {
                "core_fraction": 100,
                "cores": 2,
                "gpus": 0,
                "memory": 2
              }
            ],
            "scheduling_policy": [
              {
                "preemptible": true
              }
            ],
            "secondary_disk": [],
            "service_account_id": "",
            "status": "running",
            "timeouts": null,
            "zone": "ru-central1-a"
          },
          "sensitive_attributes": [],
          "private": "eyJlMmJmYjczMC1lY2FhLTExZTYtOGY4OC0zNDM2M2JjN2M0YzAiOnsiY3JlYXRlIjozMDAwMDAwMDAwMDAsImRlbGV0ZSI6MzAwMDAwMDAwMDAwLCJ1cGRhdGUiOjMwMDAwMDAwMDAwMH0sInNjaGVtYV92ZXJzaW9uIjoiMSJ9",
          "dependencies": [
            "yandex_vpc_network.network-1",
            "yandex_vpc_subnet.subnet-1"
          ]
        }
      ]
    },
    {
      "mode": "managed",
      "type": "yandex_vpc_network",
      "name": "network-1",
      "provider": "provider[\"registry.terraform.io/yandex-cloud/yandex\"]",
      "instances": [
        {
          "schema_version": 0,
          "attributes": {
            "created_at": "2023-04-02T13:29:07Z",
            "default_security_group_id": "",
            "description": "",
            "folder_id": "b1g7p25m0jt3rdlenpmc",
            "id": "enpgnid2j01404tr2p3q",
            "labels": {},
            "name": "network1",
            "subnet_ids": [],
            "timeouts": null
          },
          "sensitive_attributes": [],
          "private": "eyJlMmJmYjczMC1lY2FhLTExZTYtOGY4OC0zNDM2M2JjN2M0YzAiOnsiY3JlYXRlIjo2MDAwMDAwMDAwMCwiZGVsZXRlIjo2MDAwMDAwMDAwMCwidXBkYXRlIjo2MDAwMDAwMDAwMH19"
        }
      ]
    },
    {
      "mode": "managed",
      "type": "yandex_vpc_subnet",
      "name": "subnet-1",
      "provider": "provider[\"registry.terraform.io/yandex-cloud/yandex\"]",
      "instances": [
        {
          "schema_version": 0,
          "attributes": {
            "created_at": "2023-04-02T13:29:08Z",
            "description": "",
            "dhcp_options": [],
            "folder_id": "b1g7p25m0jt3rdlenpmc",
            "id": "e9bn7pqtfqrldh889uh8",
            "labels": {},
            "name": "subnet1",
            "network_id": "enpgnid2j01404tr2p3q",
            "route_table_id": "",
            "timeouts": null,
            "v4_cidr_blocks": [
              "192.168.10.0/24"
            ],
            "v6_cidr_blocks": [],
            "zone": "ru-central1-a"
          },
          "sensitive_attributes": [],
          "private": "eyJlMmJmYjczMC1lY2FhLTExZTYtOGY4OC0zNDM2M2JjN2M0YzAiOnsiY3JlYXRlIjoxODAwMDAwMDAwMDAsImRlbGV0ZSI6MTgwMDAwMDAwMDAwLCJ1cGRhdGUiOjE4MDAwMDAwMDAwMH19",
          "dependencies": [
            "yandex_vpc_network.network-1"
          ]
        }
      ]
    }
  ],
  "check_results": null
}
